
Microsoft Visual Studio Solution File, Format Version 12.00
# Visual Studio 15
VisualStudioVersion = 15.0.28307.1300
MinimumVisualStudioVersion = 10.0.40219.1
Project("{8BC9CEB8-8B4A-11D0-8D11-00A0C91BC942}") = "双向带头循环链表.c", "双向带头循环链表.c\双向带头循环链表.c.vcxproj", "{4515BA39-EB49-4658-8128-50D0FE28B8E5}"
EndProject
Global
	GlobalSection(SolutionConfigurationPlatforms) = preSolution
		Debug|x64 = Debug|x64
		Debug|x86 = Debug|x86
		Release|x64 = Release|x64
		Release|x86 = Release|x86
	EndGlobalSection
	GlobalSection(ProjectConfigurationPlatforms) = postSolution
		{4515BA39-EB49-4658-8128-50D0FE28B8E5}.Debug|x64.ActiveCfg = Debug|x64
		{4515BA39-EB49-4658-8128-50D0FE28B8E5}.Debug|x64.Build.0 = Debug|x64
		{4515BA39-EB49-4658-8128-50D0FE28B8E5}.Debug|x86.ActiveCfg = Debug|Win32
		{4515BA39-EB49-4658-8128-50D0FE28B8E5}.Debug|x86.Build.0 = Debug|Win32
		{4515BA39-EB49-4658-8128-50D0FE28B8E5}.Release|x64.ActiveCfg = Release|x64
		{4515BA39-EB49-4658-8128-50D0FE28B8E5}.Release|x64.Build.0 = Release|x64
		{4515BA39-EB49-4658-8128-50D0FE28B8E5}.Release|x86.ActiveCfg = Release|Win32
		{4515BA39-EB49-4658-8128-50D0FE28B8E5}.Release|x86.Build.0 = Release|Win32
	EndGlobalSection
	GlobalSection(SolutionProperties) = preSolution
		HideSolutionNode = FALSE
	EndGlobalSection
	GlobalSection(ExtensibilityGlobals) = postSolution
		SolutionGuid = {1B93D197-B547-48F2-9BE8-BBE84BAE8902}
	EndGlobalSection
EndGlobal
